
Microsoft Visual Studio Solution File, Format Version 12.00
# Visual Studio Version 17
VisualStudioVersion = 17.6.33815.320
MinimumVisualStudioVersion = 10.0.40219.1
Project("{FAE04EC0-301F-11D3-BF4B-00C04F79EFBC}") = "Chat Api", "Chat Api\Chat Api.csproj", "{B42022F9-62AB-428E-A88C-A4339A88D1AF}"
EndProject
Global
	GlobalSection(SolutionConfigurationPlatforms) = preSolution
		Debug|Any CPU = Debug|Any CPU
		Release|Any CPU = Release|Any CPU
	EndGlobalSection
	GlobalSection(ProjectConfigurationPlatforms) = postSolution
		{B42022F9-62AB-428E-A88C-A4339A88D1AF}.Debug|Any CPU.ActiveCfg = Debug|Any CPU
		{B42022F9-62AB-428E-A88C-A4339A88D1AF}.Debug|Any CPU.Build.0 = Debug|Any CPU
		{B42022F9-62AB-428E-A88C-A4339A88D1AF}.Release|Any CPU.ActiveCfg = Release|Any CPU
		{B42022F9-62AB-428E-A88C-A4339A88D1AF}.Release|Any CPU.Build.0 = Release|Any CPU
	EndGlobalSection
	GlobalSection(SolutionProperties) = preSolution
		HideSolutionNode = FALSE
	EndGlobalSection
	GlobalSection(ExtensibilityGlobals) = postSolution
		SolutionGuid = {5F21F4C3-E3E1-4AA4-A94C-536F4DC36013}
	EndGlobalSection
EndGlobal
